
Microsoft Visual Studio Solution File, Format Version 12.00
Project("{FAE04EC0-301F-11D3-BF4B-00C04F79EFBC}") = "StreamSentry.Web", "StreamSentry.Web\StreamSentry.Web\StreamSentry.Web.csproj", "{DD83362B-DAD3-4F99-BEAE-8079D2C90A75}"
EndProject
Project("{FAE04EC0-301F-11D3-BF4B-00C04F79EFBC}") = "StreamSentry.Web.Client", "StreamSentry.Web\StreamSentry.Web.Client\StreamSentry.Web.Client.csproj", "{B4C7EF4D-DB42-4667-932B-1607C9893E88}"
EndProject
Global
	GlobalSection(SolutionConfigurationPlatforms) = preSolution
		Debug|Any CPU = Debug|Any CPU
		Release|Any CPU = Release|Any CPU
	EndGlobalSection
	GlobalSection(ProjectConfigurationPlatforms) = postSolution
		{DD83362B-DAD3-4F99-BEAE-8079D2C90A75}.Debug|Any CPU.ActiveCfg = Debug|Any CPU
		{DD83362B-DAD3-4F99-BEAE-8079D2C90A75}.Debug|Any CPU.Build.0 = Debug|Any CPU
		{DD83362B-DAD3-4F99-BEAE-8079D2C90A75}.Release|Any CPU.ActiveCfg = Release|Any CPU
		{DD83362B-DAD3-4F99-BEAE-8079D2C90A75}.Release|Any CPU.Build.0 = Release|Any CPU
		{B4C7EF4D-DB42-4667-932B-1607C9893E88}.Debug|Any CPU.ActiveCfg = Debug|Any CPU
		{B4C7EF4D-DB42-4667-932B-1607C9893E88}.Debug|Any CPU.Build.0 = Debug|Any CPU
		{B4C7EF4D-DB42-4667-932B-1607C9893E88}.Release|Any CPU.ActiveCfg = Release|Any CPU
		{B4C7EF4D-DB42-4667-932B-1607C9893E88}.Release|Any CPU.Build.0 = Release|Any CPU
	EndGlobalSection
EndGlobal
